<?xml version="1.0" encoding="utf-8"?>
<Project ToolsVersion="4.0" xmlns="http://schemas.microsoft.com/developer/msbuild/2003">
  <ItemGroup>
    <Filter Include="リソース ファイル">
      <UniqueIdentifier>{67DA6AB6-F800-4c08-8B7A-83BB121AAD01}</UniqueIdentifier>
      <Extensions>rc;ico;cur;bmp;dlg;rc2;rct;bin;rgs;gif;jpg;jpeg;jpe;resx;tiff;tif;png;wav;mfcribbon-ms</Extensions>
    </Filter>
    <Filter Include="シェーダーファイル">
      <UniqueIdentifier>{c4b63bef-c4b4-40dd-8ebf-3f9cdc0f8557}</UniqueIdentifier>
    </Filter>
    <Filter Include="ゲームシステム">
      <UniqueIdentifier>{0effebc6-bde2-41c3-abf2-9ff8e71ffaa3}</UniqueIdentifier>
    </Filter>
    <Filter Include="エンジンシステム">
      <UniqueIdentifier>{02085d77-f2ce-451c-9e0e-1cea092e391b}</UniqueIdentifier>
    </Filter>
    <Filter Include="エンジンシステム\Audio">
      <UniqueIdentifier>{d50b3b7c-f0ed-427f-ae1c-45dc69a89fe1}</UniqueIdentifier>
    </Filter>
    <Filter Include="エンジンシステム\MainSystem">
      <UniqueIdentifier>{67675b7e-5f68-4193-8d4f-1cc9fe252ed8}</UniqueIdentifier>
    </Filter>
    <Filter Include="エンジンシステム\MainSystem\Input">
      <UniqueIdentifier>{c9ef2e81-bfcf-41ca-b3c8-821026159bee}</UniqueIdentifier>
    </Filter>
    <Filter Include="エンジンシステム\MainSystem\DirectXCommon">
      <UniqueIdentifier>{c4924800-ddb9-4297-b120-7d63cc5ccb07}</UniqueIdentifier>
    </Filter>
    <Filter Include="エンジンシステム\MainSystem\WindowApp">
      <UniqueIdentifier>{c8b9b141-feab-43bc-9dc3-65df95c04218}</UniqueIdentifier>
    </Filter>
    <Filter Include="シェーダーファイル\Sprite">
      <UniqueIdentifier>{c79de487-cd11-4978-a7f8-3162e4c4f1d6}</UniqueIdentifier>
    </Filter>
    <Filter Include="シェーダーファイル\Basic">
      <UniqueIdentifier>{110cc445-8ccf-4738-abfc-f7275b52f11a}</UniqueIdentifier>
    </Filter>
    <Filter Include="シェーダーファイル\Obj">
      <UniqueIdentifier>{47c0745e-d963-4c4e-a611-83305efb37e6}</UniqueIdentifier>
    </Filter>
    <Filter Include="シェーダーファイル\Particle">
      <UniqueIdentifier>{50e7d2ef-5d76-4f6d-8d0c-5c54df89cb0f}</UniqueIdentifier>
    </Filter>
    <Filter Include="ゲームシステム\Easing">
      <UniqueIdentifier>{dcc10f48-e82b-48b9-b179-b571095ffe54}</UniqueIdentifier>
    </Filter>
    <Filter Include="エンジンシステム\Camera">
      <UniqueIdentifier>{712cc4e0-95cb-4715-b30f-3af55e4b2ffd}</UniqueIdentifier>
    </Filter>
    <Filter Include="エンジンシステム\Particle">
      <UniqueIdentifier>{33bd4f75-ebed-40fd-837b-60126820b578}</UniqueIdentifier>
    </Filter>
    <Filter Include="エンジンシステム\Object3D">
      <UniqueIdentifier>{b39b7445-39ca-4c57-b18f-3f6706c5e001}</UniqueIdentifier>
    </Filter>
    <Filter Include="エンジンシステム\collider">
      <UniqueIdentifier>{01e36be7-9665-4170-9568-05beaf158a24}</UniqueIdentifier>
    </Filter>
    <Filter Include="エンジンシステム\Light">
      <UniqueIdentifier>{4aa578b4-27fc-4eb3-ab2f-ee4aa96fefae}</UniqueIdentifier>
    </Filter>
    <Filter Include="エンジンシステム\MainSystem\MainEngine">
      <UniqueIdentifier>{d363d3f2-8b0d-4d98-b20d-8210587ec264}</UniqueIdentifier>
    </Filter>
    <Filter Include="ゲームシステム\Ground">
      <UniqueIdentifier>{12d2ba67-d429-4db9-aa2d-c60f1ccf1397}</UniqueIdentifier>
    </Filter>
    <Filter Include="エンジンシステム\CSV">
      <UniqueIdentifier>{89695aff-10b9-4ffc-a805-fceb5d716a93}</UniqueIdentifier>
    </Filter>
    <Filter Include="エンジンシステム\Object3D\OBJ">
      <UniqueIdentifier>{0789e0f6-e5b2-4934-8399-12f9516c08e8}</UniqueIdentifier>
    </Filter>
    <Filter Include="エンジンシステム\Object3D\FBX">
      <UniqueIdentifier>{d7680875-1fb9-4320-9ca0-a948969a5f47}</UniqueIdentifier>
    </Filter>
    <Filter Include="シェーダーファイル\Fbx">
      <UniqueIdentifier>{929a2fcd-b7c7-40f9-aed6-c72f40ae73a2}</UniqueIdentifier>
    </Filter>
    <Filter Include="エンジンシステム\Object3D\NormalMap">
      <UniqueIdentifier>{33098a72-0ba7-4f18-abcc-d65a91016ae6}</UniqueIdentifier>
    </Filter>
    <Filter Include="エンジンシステム\Object2D">
      <UniqueIdentifier>{d1b2616a-7617-475b-9481-78aa38115a72}</UniqueIdentifier>
    </Filter>
    <Filter Include="エンジンシステム\Object2D\DebugText">
      <UniqueIdentifier>{8a8a8b89-b332-4ad1-a027-0e71cd3d792f}</UniqueIdentifier>
    </Filter>
    <Filter Include="ゲームシステム\Player">
      <UniqueIdentifier>{a15f0d01-4f6d-4e9a-a4a0-6a27daf39fc2}</UniqueIdentifier>
    </Filter>
    <Filter Include="エンジンシステム\Object2D\DrawLine">
      <UniqueIdentifier>{2f47ff10-a282-43d4-ba5e-d17aafa51406}</UniqueIdentifier>
    </Filter>
    <Filter Include="エンジンシステム\Object3D\DrawLine3D">
      <UniqueIdentifier>{4e111d35-fa56-4b4d-a352-fe61c69984cf}</UniqueIdentifier>
    </Filter>
    <Filter Include="シェーダーファイル\DrawLine">
      <UniqueIdentifier>{576115b6-4e26-47c3-8168-6c9e05cdd944}</UniqueIdentifier>
    </Filter>
    <Filter Include="シェーダーファイル\DrawLine3D">
      <UniqueIdentifier>{b37b2183-7c27-4735-9902-9053e8e07c15}</UniqueIdentifier>
    </Filter>
    <Filter Include="エンジンシステム\MainSystem\XInputManager">
      <UniqueIdentifier>{d8c34fc6-83a6-4ba0-8327-87f110d59442}</UniqueIdentifier>
    </Filter>
    <Filter Include="エンジンシステム\Object2D\PostEffect">
      <UniqueIdentifier>{ae0db721-e84e-467a-a989-94bf5d644b3e}</UniqueIdentifier>
    </Filter>
    <Filter Include="シェーダーファイル\PostEffect">
      <UniqueIdentifier>{1f89c1c3-292e-4ce0-af6e-30c55aba6cd7}</UniqueIdentifier>
    </Filter>
    <Filter Include="ゲームシステム\StageEffect">
      <UniqueIdentifier>{c7e4c380-5499-4262-9d2f-05f590decf36}</UniqueIdentifier>
    </Filter>
    <Filter Include="ゲームシステム\UI">
      <UniqueIdentifier>{c39163d3-0967-4ef6-ae2e-9ff55ed388a5}</UniqueIdentifier>
    </Filter>
    <Filter Include="ゲームシステム\ShockWave">
      <UniqueIdentifier>{29f930c0-d86a-4b17-a244-567657004312}</UniqueIdentifier>
    </Filter>
    <Filter Include="ゲームシステム\Wall">
      <UniqueIdentifier>{2e4e6812-24c0-4874-ac3a-03c6adcf1710}</UniqueIdentifier>
    </Filter>
    <Filter Include="ゲームシステム\Enemy">
      <UniqueIdentifier>{43dce647-30d9-4583-910c-6a47789ce39f}</UniqueIdentifier>
    </Filter>
    <Filter Include="ゲームシステム\Enemy\Division">
      <UniqueIdentifier>{324f1213-2cdb-4af0-bb2a-cda14ba5c590}</UniqueIdentifier>
    </Filter>
    <Filter Include="ゲームシステム\Enemy\Releaser">
      <UniqueIdentifier>{93a90fb9-4c8a-4267-bb97-8e4741d592fa}</UniqueIdentifier>
    </Filter>
    <Filter Include="ゲームシステム\Enemy\Chaser">
      <UniqueIdentifier>{5f0aae3e-f3a0-403a-b4c0-4c6af0c769ba}</UniqueIdentifier>
    </Filter>
    <Filter Include="ゲームシステム\Enemy\TitleLogo">
      <UniqueIdentifier>{92590591-e563-446c-8f49-76ae8a9a7556}</UniqueIdentifier>
    </Filter>
    <Filter Include="ゲームシステム\GameCollision">
      <UniqueIdentifier>{3f93e051-e324-4dd0-b1d5-ff4eb2261493}</UniqueIdentifier>
    </Filter>
    <Filter Include="ゲームシステム\BackGround">
      <UniqueIdentifier>{d2424532-5e8e-4ef2-a079-8c4ab2922cdf}</UniqueIdentifier>
    </Filter>
  </ItemGroup>
  <ItemGroup>
    <ClCompile Include="main.cpp">
      <Filter>ゲームシステム</Filter>
    </ClCompile>
    <ClCompile Include="Sprite.cpp">
      <Filter>エンジンシステム\Object2D</Filter>
    </ClCompile>
    <ClCompile Include="Input.cpp">
      <Filter>エンジンシステム\MainSystem\Input</Filter>
    </ClCompile>
    <ClCompile Include="DebugText.cpp">
      <Filter>エンジンシステム\Object2D\DebugText</Filter>
    </ClCompile>
    <ClCompile Include="DirectXCommon.cpp">
      <Filter>エンジンシステム\MainSystem\DirectXCommon</Filter>
    </ClCompile>
    <ClCompile Include="WindowApp.cpp">
      <Filter>エンジンシステム\MainSystem\WindowApp</Filter>
    </ClCompile>
    <ClCompile Include="Easing.cpp">
      <Filter>ゲームシステム\Easing</Filter>
    </ClCompile>
    <ClCompile Include="Camera.cpp">
      <Filter>エンジンシステム\Camera</Filter>
    </ClCompile>
    <ClCompile Include="GameScene.cpp">
      <Filter>ゲームシステム</Filter>
    </ClCompile>
    <ClCompile Include="Player.cpp">
      <Filter>ゲームシステム\Player</Filter>
    </ClCompile>
    <ClCompile Include="CollisionManager.cpp">
      <Filter>エンジンシステム\collider</Filter>
    </ClCompile>
    <ClCompile Include="CollisionPrimitive.cpp">
      <Filter>エンジンシステム\collider</Filter>
    </ClCompile>
    <ClCompile Include="SphereCollider.cpp">
      <Filter>エンジンシステム\collider</Filter>
    </ClCompile>
    <ClCompile Include="Collision.cpp">
      <Filter>エンジンシステム\collider</Filter>
    </ClCompile>
    <ClCompile Include="MeshCollider.cpp">
      <Filter>エンジンシステム\collider</Filter>
    </ClCompile>
    <ClCompile Include="LightGroup.cpp">
      <Filter>エンジンシステム\Light</Filter>
    </ClCompile>
    <ClCompile Include="MainEngine.cpp">
      <Filter>エンジンシステム\MainSystem\MainEngine</Filter>
    </ClCompile>
    <ClCompile Include="Ground.cpp">
      <Filter>ゲームシステム\Ground</Filter>
    </ClCompile>
    <ClCompile Include="ParticleManager.cpp">
      <Filter>エンジンシステム\Particle</Filter>
    </ClCompile>
    <ClCompile Include="Emitter.cpp">
      <Filter>エンジンシステム\Particle</Filter>
    </ClCompile>
    <ClCompile Include="Csv.cpp">
      <Filter>エンジンシステム\CSV</Filter>
    </ClCompile>
    <ClCompile Include="Fbx.cpp">
      <Filter>エンジンシステム\Object3D\FBX</Filter>
    </ClCompile>
    <ClCompile Include="Material.cpp">
      <Filter>エンジンシステム\Object3D\OBJ</Filter>
    </ClCompile>
    <ClCompile Include="Mesh.cpp">
      <Filter>エンジンシステム\Object3D\OBJ</Filter>
    </ClCompile>
    <ClCompile Include="Model.cpp">
      <Filter>エンジンシステム\Object3D\OBJ</Filter>
    </ClCompile>
    <ClCompile Include="Object3d.cpp">
      <Filter>エンジンシステム\Object3D</Filter>
    </ClCompile>
    <ClCompile Include="NormalMap.cpp">
      <Filter>エンジンシステム\Object3D\NormalMap</Filter>
    </ClCompile>
    <ClCompile Include="Audio.cpp">
      <Filter>エンジンシステム\Audio</Filter>
    </ClCompile>
    <ClCompile Include="DrawLine.cpp">
      <Filter>エンジンシステム\Object2D\DrawLine</Filter>
    </ClCompile>
    <ClCompile Include="DrawLine3D.cpp">
      <Filter>エンジンシステム\Object3D\DrawLine3D</Filter>
    </ClCompile>
    <ClCompile Include="XInputManager.cpp">
      <Filter>エンジンシステム\MainSystem\XInputManager</Filter>
    </ClCompile>
    <ClCompile Include="PostEffect.cpp">
      <Filter>エンジンシステム\Object2D\PostEffect</Filter>
    </ClCompile>
    <ClCompile Include="StageEffect.cpp">
      <Filter>ゲームシステム\StageEffect</Filter>
    </ClCompile>
    <ClCompile Include="ResultUI.cpp">
      <Filter>ゲームシステム\UI</Filter>
    </ClCompile>
    <ClCompile Include="ShockWave.cpp">
      <Filter>ゲームシステム\ShockWave</Filter>
    </ClCompile>
    <ClCompile Include="FrameRateKeep.cpp">
      <Filter>エンジンシステム\MainSystem</Filter>
    </ClCompile>
    <ClCompile Include="BaseEnemy.cpp">
      <Filter>ゲームシステム\Enemy</Filter>
    </ClCompile>
    <ClCompile Include="Releaser.cpp">
      <Filter>ゲームシステム\Enemy\Releaser</Filter>
    </ClCompile>
    <ClCompile Include="Division.cpp">
      <Filter>ゲームシステム\Enemy\Division</Filter>
    </ClCompile>
    <ClCompile Include="BigShockWaveGauge.cpp">
      <Filter>ゲームシステム\UI</Filter>
    </ClCompile>
    <ClCompile Include="TimeLimitGauge.cpp">
      <Filter>ゲームシステム\UI</Filter>
    </ClCompile>
    <ClCompile Include="Chaser.cpp">
      <Filter>ゲームシステム\Enemy\Chaser</Filter>
    </ClCompile>
    <ClCompile Include="Finish.cpp">
      <Filter>ゲームシステム\UI</Filter>
    </ClCompile>
    <ClCompile Include="ReadyGo.cpp">
      <Filter>ゲームシステム\UI</Filter>
    </ClCompile>
    <ClCompile Include="TitleLogo.cpp">
      <Filter>ゲームシステム\Enemy\TitleLogo</Filter>
    </ClCompile>
    <ClCompile Include="GameCollision.cpp">
      <Filter>ゲームシステム\GameCollision</Filter>
    </ClCompile>
    <ClCompile Include="UIFrame.cpp">
      <Filter>ゲームシステム\UI</Filter>
    </ClCompile>
    <ClCompile Include="BackGround.cpp">
      <Filter>ゲームシステム\BackGround</Filter>
    </ClCompile>
    <ClCompile Include="WallManager.cpp">
      <Filter>ゲームシステム\Wall</Filter>
    </ClCompile>
    <ClCompile Include="WallObject.cpp">
      <Filter>ゲームシステム\Wall</Filter>
    </ClCompile>
    <ClCompile Include="PauseUI.cpp">
      <Filter>ゲームシステム\UI</Filter>
    </ClCompile>
    <ClCompile Include="Blackout.cpp">
      <Filter>ゲームシステム\UI</Filter>
    </ClCompile>
    <ClCompile Include="BreakScore.cpp">
      <Filter>ゲームシステム\UI</Filter>
    </ClCompile>
    <ClCompile Include="Explanation.cpp">
      <Filter>ゲームシステム\UI</Filter>
    </ClCompile>
  </ItemGroup>
  <ItemGroup>
    <FxCompile Include="Resources\Shaders\BasicPS.hlsl">
      <Filter>シェーダーファイル\Basic</Filter>
    </FxCompile>
    <FxCompile Include="Resources\Shaders\BasicVS.hlsl">
      <Filter>シェーダーファイル\Basic</Filter>
    </FxCompile>
    <FxCompile Include="Resources\Shaders\SpriteVS.hlsl">
      <Filter>シェーダーファイル\Sprite</Filter>
    </FxCompile>
    <FxCompile Include="Resources\Shaders\SpritePS.hlsl">
      <Filter>シェーダーファイル\Sprite</Filter>
    </FxCompile>
    <FxCompile Include="Resources\Shaders\ObjVS.hlsl">
      <Filter>シェーダーファイル\Obj</Filter>
    </FxCompile>
    <FxCompile Include="Resources\Shaders\ObjPS.hlsl">
      <Filter>シェーダーファイル\Obj</Filter>
    </FxCompile>
    <FxCompile Include="Resources\Shaders\ParticleGS.hlsl">
      <Filter>シェーダーファイル\Particle</Filter>
    </FxCompile>
    <FxCompile Include="Resources\Shaders\ParticlePS.hlsl">
      <Filter>シェーダーファイル\Particle</Filter>
    </FxCompile>
    <FxCompile Include="Resources\Shaders\ParticleVS.hlsl">
      <Filter>シェーダーファイル\Particle</Filter>
    </FxCompile>
    <FxCompile Include="Resources\Shaders\FbxPS.hlsl">
      <Filter>シェーダーファイル\Fbx</Filter>
    </FxCompile>
    <FxCompile Include="Resources\Shaders\FbxVS.hlsl">
      <Filter>シェーダーファイル\Fbx</Filter>
    </FxCompile>
    <FxCompile Include="Resources\Shaders\DrawLinePS.hlsl">
      <Filter>シェーダーファイル\DrawLine</Filter>
    </FxCompile>
    <FxCompile Include="Resources\Shaders\DrawLineVS.hlsl">
      <Filter>シェーダーファイル\DrawLine</Filter>
    </FxCompile>
    <FxCompile Include="Resources\Shaders\DrawLine3DPS.hlsl">
      <Filter>シェーダーファイル\DrawLine3D</Filter>
    </FxCompile>
    <FxCompile Include="Resources\Shaders\DrawLine3DVS.hlsl">
      <Filter>シェーダーファイル\DrawLine3D</Filter>
    </FxCompile>
    <FxCompile Include="Resources\Shaders\PostEffectPS.hlsl">
      <Filter>シェーダーファイル\PostEffect</Filter>
    </FxCompile>
    <FxCompile Include="Resources\Shaders\PostEffectVS.hlsl">
      <Filter>シェーダーファイル\PostEffect</Filter>
    </FxCompile>
  </ItemGroup>
  <ItemGroup>
    <None Include="Resources\Shaders\BasicShaderHeader.hlsli">
      <Filter>シェーダーファイル\Basic</Filter>
    </None>
    <None Include="Resources\Shaders\Sprite.hlsli">
      <Filter>シェーダーファイル\Sprite</Filter>
    </None>
    <None Include="Resources\Shaders\Obj.hlsli">
      <Filter>シェーダーファイル\Obj</Filter>
    </None>
    <None Include="Resources\Shaders\Particle.hlsli">
      <Filter>シェーダーファイル\Particle</Filter>
    </None>
    <None Include="Resources\Shaders\Fbx.hlsli">
      <Filter>シェーダーファイル\Fbx</Filter>
    </None>
    <None Include="Resources\Shaders\DrawLine.hlsli">
      <Filter>シェーダーファイル\DrawLine</Filter>
    </None>
    <None Include="Resources\Shaders\DrawLine3D.hlsli">
      <Filter>シェーダーファイル\DrawLine3D</Filter>
    </None>
    <None Include="Resources\Shaders\PostEffect.hlsli">
      <Filter>シェーダーファイル\PostEffect</Filter>
    </None>
  </ItemGroup>
  <ItemGroup>
    <ClInclude Include="Sprite.h">
      <Filter>エンジンシステム\Object2D</Filter>
    </ClInclude>
    <ClInclude Include="Input.h">
      <Filter>エンジンシステム\MainSystem\Input</Filter>
    </ClInclude>
    <ClInclude Include="DebugText.h">
      <Filter>エンジンシステム\Object2D\DebugText</Filter>
    </ClInclude>
    <ClInclude Include="DirectXCommon.h">
      <Filter>エンジンシステム\MainSystem\DirectXCommon</Filter>
    </ClInclude>
    <ClInclude Include="WindowApp.h">
      <Filter>エンジンシステム\MainSystem\WindowApp</Filter>
    </ClInclude>
    <ClInclude Include="Easing.h">
      <Filter>ゲームシステム\Easing</Filter>
    </ClInclude>
    <ClInclude Include="Camera.h">
      <Filter>エンジンシステム\Camera</Filter>
    </ClInclude>
    <ClInclude Include="GameScene.h">
      <Filter>ゲームシステム</Filter>
    </ClInclude>
    <ClInclude Include="SafeDelete.h">
      <Filter>エンジンシステム\MainSystem</Filter>
    </ClInclude>
    <ClInclude Include="Player.h">
      <Filter>ゲームシステム\Player</Filter>
    </ClInclude>
    <ClInclude Include="CollisionInfo.h">
      <Filter>エンジンシステム\collider</Filter>
    </ClInclude>
    <ClInclude Include="CollisionManager.h">
      <Filter>エンジンシステム\collider</Filter>
    </ClInclude>
    <ClInclude Include="CollisionPrimitive.h">
      <Filter>エンジンシステム\collider</Filter>
    </ClInclude>
    <ClInclude Include="CollisionTypes.h">
      <Filter>エンジンシステム\collider</Filter>
    </ClInclude>
    <ClInclude Include="QueryCallback.h">
      <Filter>エンジンシステム\collider</Filter>
    </ClInclude>
    <ClInclude Include="RaycastHit.h">
      <Filter>エンジンシステム\collider</Filter>
    </ClInclude>
    <ClInclude Include="SphereCollider.h">
      <Filter>エンジンシステム\collider</Filter>
    </ClInclude>
    <ClInclude Include="BaseCollider.h">
      <Filter>エンジンシステム\collider</Filter>
    </ClInclude>
    <ClInclude Include="Collision.h">
      <Filter>エンジンシステム\collider</Filter>
    </ClInclude>
    <ClInclude Include="CollisionAttribute.h">
      <Filter>エンジンシステム\collider</Filter>
    </ClInclude>
    <ClInclude Include="MeshCollider.h">
      <Filter>エンジンシステム\collider</Filter>
    </ClInclude>
    <ClInclude Include="LightGroup.h">
      <Filter>エンジンシステム\Light</Filter>
    </ClInclude>
    <ClInclude Include="DirectionalLight.h">
      <Filter>エンジンシステム\Light</Filter>
    </ClInclude>
    <ClInclude Include="MainEngine.h">
      <Filter>エンジンシステム\MainSystem\MainEngine</Filter>
    </ClInclude>
    <ClInclude Include="Ground.h">
      <Filter>ゲームシステム\Ground</Filter>
    </ClInclude>
    <ClInclude Include="Emitter.h">
      <Filter>エンジンシステム\Particle</Filter>
    </ClInclude>
    <ClInclude Include="ParticleManager.h">
      <Filter>エンジンシステム\Particle</Filter>
    </ClInclude>
    <ClInclude Include="Csv.h">
      <Filter>エンジンシステム\CSV</Filter>
    </ClInclude>
    <ClInclude Include="Fbx.h">
      <Filter>エンジンシステム\Object3D\FBX</Filter>
    </ClInclude>
    <ClInclude Include="Material.h">
      <Filter>エンジンシステム\Object3D\OBJ</Filter>
    </ClInclude>
    <ClInclude Include="Mesh.h">
      <Filter>エンジンシステム\Object3D\OBJ</Filter>
    </ClInclude>
    <ClInclude Include="Model.h">
      <Filter>エンジンシステム\Object3D\OBJ</Filter>
    </ClInclude>
    <ClInclude Include="Object3d.h">
      <Filter>エンジンシステム\Object3D</Filter>
    </ClInclude>
    <ClInclude Include="NormalMap.h">
      <Filter>エンジンシステム\Object3D\NormalMap</Filter>
    </ClInclude>
    <ClInclude Include="Audio.h">
      <Filter>エンジンシステム\Audio</Filter>
    </ClInclude>
    <ClInclude Include="PointLight.h">
      <Filter>エンジンシステム\Light</Filter>
    </ClInclude>
    <ClInclude Include="SpotLight.h">
      <Filter>エンジンシステム\Light</Filter>
    </ClInclude>
    <ClInclude Include="CircleShadow.h">
      <Filter>エンジンシステム\Light</Filter>
    </ClInclude>
    <ClInclude Include="DrawLine.h">
      <Filter>エンジンシステム\Object2D\DrawLine</Filter>
    </ClInclude>
    <ClInclude Include="DrawLine3D.h">
      <Filter>エンジンシステム\Object3D\DrawLine3D</Filter>
    </ClInclude>
    <ClInclude Include="XInputManager.h">
      <Filter>エンジンシステム\MainSystem\XInputManager</Filter>
    </ClInclude>
    <ClInclude Include="PostEffect.h">
      <Filter>エンジンシステム\Object2D\PostEffect</Filter>
    </ClInclude>
    <ClInclude Include="StageEffect.h">
      <Filter>ゲームシステム\StageEffect</Filter>
    </ClInclude>
    <ClInclude Include="ResultUI.h">
      <Filter>ゲームシステム\UI</Filter>
    </ClInclude>
    <ClInclude Include="ShockWave.h">
      <Filter>ゲームシステム\ShockWave</Filter>
    </ClInclude>
    <ClInclude Include="FrameRateKeep.h">
      <Filter>エンジンシステム\MainSystem</Filter>
    </ClInclude>
    <ClInclude Include="BaseEnemy.h">
      <Filter>ゲームシステム\Enemy</Filter>
    </ClInclude>
    <ClInclude Include="Releaser.h">
      <Filter>ゲームシステム\Enemy\Releaser</Filter>
    </ClInclude>
    <ClInclude Include="Division.h">
      <Filter>ゲームシステム\Enemy\Division</Filter>
    </ClInclude>
    <ClInclude Include="BigShockWaveGauge.h">
      <Filter>ゲームシステム\UI</Filter>
    </ClInclude>
    <ClInclude Include="TimeLimitGauge.h">
      <Filter>ゲームシステム\UI</Filter>
    </ClInclude>
    <ClInclude Include="Chaser.h">
      <Filter>ゲームシステム\Enemy\Chaser</Filter>
    </ClInclude>
    <ClInclude Include="Finish.h">
      <Filter>ゲームシステム\UI</Filter>
    </ClInclude>
    <ClInclude Include="ReadyGo.h">
      <Filter>ゲームシステム\UI</Filter>
    </ClInclude>
    <ClInclude Include="TitleLogo.h">
      <Filter>ゲームシステム\Enemy\TitleLogo</Filter>
    </ClInclude>
    <ClInclude Include="GameCollision.h">
      <Filter>ゲームシステム\GameCollision</Filter>
    </ClInclude>
    <ClInclude Include="UIFrame.h">
      <Filter>ゲームシステム\UI</Filter>
    </ClInclude>
    <ClInclude Include="BackGround.h">
      <Filter>ゲームシステム\BackGround</Filter>
    </ClInclude>
    <ClInclude Include="WallManager.h">
      <Filter>ゲームシステム\Wall</Filter>
    </ClInclude>
    <ClInclude Include="WallObject.h">
      <Filter>ゲームシステム\Wall</Filter>
    </ClInclude>
    <ClInclude Include="PauseUI.h">
      <Filter>ゲームシステム\UI</Filter>
    </ClInclude>
    <ClInclude Include="Blackout.h">
      <Filter>ゲームシステム\UI</Filter>
    </ClInclude>
    <ClInclude Include="BreakScore.h">
      <Filter>ゲームシステム\UI</Filter>
    </ClInclude>
    <ClInclude Include="Explanation.h">
      <Filter>ゲームシステム\UI</Filter>
    </ClInclude>
  </ItemGroup>
</Project>